{
  "name": "@ssbun/seahorse",
  "version": "1.12.1",
  "lockfileVersion": 3,
  "requires": true,
  "packages": {
    "": {
      "name": "@ssbun/seahorse",
      "version": "1.12.1",
      "cpu": [
        "arm64"
      ],
      "hasInstallScript": true,
      "license": "UNLICENSED",
      "os": [
        "darwin"
      ],
      "bin": {
        "seahorse": "install.js"
      },
      "engines": {
        "node": ">=20"
      }
    }
  }
}
